
Microsoft Visual Studio Solution File, Format Version 12.00
# Visual Studio Version 17
VisualStudioVersion = 17.0.32112.339
MinimumVisualStudioVersion = 10.0.40219.1
Project("{9A19103F-16F7-4668-BE54-9A1E7A4F7556}") = "MercuryHealth.Web", "MercuryHealth.Web\MercuryHealth.Web.csproj", "{8BE75C87-0099-4E7F-955F-FBD2F40663A6}"
EndProject
Project("{9A19103F-16F7-4668-BE54-9A1E7A4F7556}") = "MercuryHealth.Database", "MercuryHealth.Database\MercuryHealth.Database.csproj", "{D1A42668-E372-4DA4-96C9-257E8AE8851B}"
EndProject
Project("{2150E333-8FDC-42A3-9474-1A3956D46DE8}") = "MercuryHealth.IaC", "MercuryHealth.IaC", "{1DCD72D4-AA74-4A44-888B-D8CC9ED8DB12}"
EndProject
Project("{9A19103F-16F7-4668-BE54-9A1E7A4F7556}") = "MercuryHealth.UITests", "MercuryHealth.UITests\MercuryHealth.UITests.csproj", "{3CC35DC5-BE99-4A05-8004-2CF9390FAB16}"
EndProject
Project("{9A19103F-16F7-4668-BE54-9A1E7A4F7556}") = "MercuryHealth.UnitTests", "MercuryHealth.UnitTests\MercuryHealth.UnitTests.csproj", "{E5D0A34C-761C-474E-85E2-7924B6DE7708}"
EndProject
Project("{9A19103F-16F7-4668-BE54-9A1E7A4F7556}") = "MercuryHealth.FunctionApp", "MercuryHealth.FunctionApp\MercuryHealth.FunctionApp.csproj", "{AB69832B-58BB-471E-BD0D-60FF091F70FD}"
EndProject
Global
	GlobalSection(SolutionConfigurationPlatforms) = preSolution
		Debug|Any CPU = Debug|Any CPU
		Release|Any CPU = Release|Any CPU
	EndGlobalSection
	GlobalSection(ProjectConfigurationPlatforms) = postSolution
		{8BE75C87-0099-4E7F-955F-FBD2F40663A6}.Debug|Any CPU.ActiveCfg = Debug|Any CPU
		{8BE75C87-0099-4E7F-955F-FBD2F40663A6}.Debug|Any CPU.Build.0 = Debug|Any CPU
		{8BE75C87-0099-4E7F-955F-FBD2F40663A6}.Release|Any CPU.ActiveCfg = Release|Any CPU
		{8BE75C87-0099-4E7F-955F-FBD2F40663A6}.Release|Any CPU.Build.0 = Release|Any CPU
		{D1A42668-E372-4DA4-96C9-257E8AE8851B}.Debug|Any CPU.ActiveCfg = Debug|Any CPU
		{D1A42668-E372-4DA4-96C9-257E8AE8851B}.Debug|Any CPU.Build.0 = Debug|Any CPU
		{D1A42668-E372-4DA4-96C9-257E8AE8851B}.Release|Any CPU.ActiveCfg = Release|Any CPU
		{D1A42668-E372-4DA4-96C9-257E8AE8851B}.Release|Any CPU.Build.0 = Release|Any CPU
		{3CC35DC5-BE99-4A05-8004-2CF9390FAB16}.Debug|Any CPU.ActiveCfg = Debug|Any CPU
		{3CC35DC5-BE99-4A05-8004-2CF9390FAB16}.Debug|Any CPU.Build.0 = Debug|Any CPU
		{3CC35DC5-BE99-4A05-8004-2CF9390FAB16}.Release|Any CPU.ActiveCfg = Release|Any CPU
		{3CC35DC5-BE99-4A05-8004-2CF9390FAB16}.Release|Any CPU.Build.0 = Release|Any CPU
		{E5D0A34C-761C-474E-85E2-7924B6DE7708}.Debug|Any CPU.ActiveCfg = Debug|Any CPU
		{E5D0A34C-761C-474E-85E2-7924B6DE7708}.Debug|Any CPU.Build.0 = Debug|Any CPU
		{E5D0A34C-761C-474E-85E2-7924B6DE7708}.Release|Any CPU.ActiveCfg = Release|Any CPU
		{E5D0A34C-761C-474E-85E2-7924B6DE7708}.Release|Any CPU.Build.0 = Release|Any CPU
		{AB69832B-58BB-471E-BD0D-60FF091F70FD}.Debug|Any CPU.ActiveCfg = Debug|Any CPU
		{AB69832B-58BB-471E-BD0D-60FF091F70FD}.Debug|Any CPU.Build.0 = Debug|Any CPU
		{AB69832B-58BB-471E-BD0D-60FF091F70FD}.Release|Any CPU.ActiveCfg = Release|Any CPU
		{AB69832B-58BB-471E-BD0D-60FF091F70FD}.Release|Any CPU.Build.0 = Release|Any CPU
	EndGlobalSection
	GlobalSection(SolutionProperties) = preSolution
		HideSolutionNode = FALSE
	EndGlobalSection
	GlobalSection(ExtensibilityGlobals) = postSolution
		SolutionGuid = {EDF1ECCD-F553-40B5-8909-AB5387DD8019}
	EndGlobalSection
EndGlobal
